{
  "name": "js-box",
  "version": "1.0.0",
  "lockfileVersion": 3,
  "requires": true,
  "packages": {
    "": {
      "name": "js-box",
      "version": "1.0.0",
      "license": "MIT",
      "dependencies": {
        "psbus": "^1.0.0"
      }
    },
    "node_modules/psbus": {
      "version": "1.0.2",
      "resolved": "https://registry.npmjs.org/psbus/-/psbus-1.0.2.tgz",
      "integrity": "sha512-GpTuph9lkSYBkGdEG79ixJogwJij92cSlURN9EgDivBiheHrxIpWhsy3G9fTgfV4zS7yHdbp9IocpNYavnjfTA==",
      "license": "MIT"
    }
  }
}
